github.com/DATA-DOG/go-sqlmock v1.5.2 h1:OcvFkGmslmlZibjAjaHm3L//6LiuBgolP7OputlJIzU=
github.com/DATA-DOG/go-sqlmock v1.5.2/go.mod h1:88MAG/4G7SMwSE3CeA0ZKzrT5CiOU3OJ+JlNzwDqpNU=
github.com/axonops/audit v0.1.13 h1:GIZcbSTwzBPcUieI3GPA1XRhP7LnciA8Tf66EHkbcfA=
github.com/axonops/audit v0.1.13/go.mod h1:aHsnr96RGIdmWBAgLWJYfyZPdLEgP7Su/KZJT+/w0rA=
github.com/axonops/audit/file v0.1.13 h1:iGMUnB5vSTPDwHiHRxSHrxkMl2pMyPmYJ00ZlD3SNQs=
github.com/axonops/audit/file v0.1.13/go.mod h1:o7Uc+cmgZeXe1qX2BqdjsedLKCb6xq+RdK4v2OAENoA=
github.com/axonops/audit/iouring v0.0.0-20260504172742-a7311e23b1c6 h1:hSS66oOtqv3pduzG0rY3gNeAHDngWhVcjvJ3QIMfl+4=
github.com/axonops/audit/iouring v0.0.0-20260504172742-a7311e23b1c6/go.mod h1:uOXtOGLXheRF1e3lQrTiCtTY0SipPH94czfKTv5sZsU=
github.com/axonops/audit/loki v0.1.13 h1:JqUs8mkOdC63WOfogNSd8YLcq3HdgxsxvydDMZ9SO14=
github.com/axonops/audit/loki v0.1.13/go.mod h1:Yxj1Ahj3cBbe6jGv70HyIRtsfnsfqk7Bjlcp4hHCR5I=
github.com/axonops/audit/outputconfig v0.1.13 h1:JZKysTwwXJz/+ooeCKY6YQ6GjasDAsYfS3FXKPwmGPQ=
github.com/axonops/audit/outputconfig v0.1.13/go.mod h1:zcVQQZsOo8KaMPpIKrHtQ40WJN+fpfnzBp9iCFU5wLs=
github.com/axonops/audit/outputs v0.1.13 h1:FkFXmnbP4QSlbJHhSHPEObZPkbdoG0l3eAxaewxvi/M=
github.com/axonops/audit/outputs v0.1.13/go.mod h1:f32LsuzhfBpYNyQ8fiqPLUjbMBuy5xx1l8m8vaHVTaU=
github.com/axonops/audit/secrets v0.1.13 h1:hT6HTxalLrcUXss1GKE+T//kFxKMFZ5qY9lSaypoOWg=
github.com/axonops/audit/secrets v0.1.13/go.mod h1:Z00RXS3xRYpPB+UFfnTJpHHjsfQW5L3PH4x+sxlAL0Q=
github.com/axonops/audit/secrets/openbao v0.1.13 h1:C+Rwls8dRKC/Ng9cRfeFwahxBhQrZ5D71MPaUhmZQvA=
github.com/axonops/audit/secrets/openbao v0.1.13/go.mod h1:pevJ6GlseB40V1yk1X3lJJrshu9BMgyr8/Od1jG4Bg8=
github.com/axonops/audit/secrets/vault v0.1.13 h1:uYVH296LIKKQJs2VONIRFHwGAQwiZ4D53CcqU53rpKg=
github.com/axonops/audit/secrets/vault v0.1.13/go.mod h1:mjoCCpxl463cEXhjisTixz8bZts2J3YtqsguVSnD/24=
github.com/axonops/audit/syslog v0.1.13 h1:L8kwdgxB7Aw1MsKJXXAI8QSkwuRo6WrqmwqnID6Xp+k=
github.com/axonops/audit/syslog v0.1.13/go.mod h1:kt+fCrXBM44AsjkwADCcs1urD0gTZn3p6iwswYhi/dQ=
github.com/axonops/audit/webhook v0.1.13 h1:2I8RY2YW5RlSUjKzP7DOAPWMH/S1ADRyKlwZl7XMuO4=
github.com/axonops/audit/webhook v0.1.13/go.mod h1:/ysjLAwWwReY/E203iC1wLsAAVq3Z+pnL2V8JJ+HWtY=
github.com/axonops/srslog v1.0.1 h1:TucvspQNxwL18w3xo9r3p+ulxJ5ltR8S9DalDTYDfA4=
github.com/axonops/srslog v1.0.1/go.mod h1:KmR9aaV5bdRj/WE95Nzfwwed8MKdDpjFCcFO5syaJWg=
github.com/beorn7/perks v1.0.1 h1:VlbKKnNfV8bJzeqoa4cOKqO6bYr3WgKZxO8Z16+hsOM=
github.com/beorn7/perks v1.0.1/go.mod h1:G2ZrVWU2WbWT9wwq4/hrbKbnv/1ERSJQ0ibhJ6rlkpw=
github.com/cespare/xxhash/v2 v2.3.0 h1:UL815xU9SqsFlibzuggzjXhog7bL6oX9BbNZnL2UFvs=
github.com/cespare/xxhash/v2 v2.3.0/go.mod h1:VGX0DQ3Q6kWi7AoAeZDth3/j3BFtOZR5XLFGgcrjCOs=
github.com/davecgh/go-spew v1.1.1 h1:vj9j/u1bqnvCEfJOwUhtlOARqs3+rkHYY13jYWTU97c=
github.com/davecgh/go-spew v1.1.1/go.mod h1:J7Y8YcW2NihsgmVo/mv3lAwl/skON4iLHjSsI+c5H38=
github.com/goccy/go-yaml v1.19.2 h1:PmFC1S6h8ljIz6gMRBopkjP1TVT7xuwrButHID66PoM=
github.com/goccy/go-yaml v1.19.2/go.mod h1:XBurs7gK8ATbW4ZPGKgcbrY1Br56PdM69F7LkFRi1kA=
github.com/google/go-cmp v0.7.0 h1:wk8382ETsv4JYUZwIsn6YpYiWiBsYLSJiTsyBybVuN8=
github.com/google/go-cmp v0.7.0/go.mod h1:pXiqmnSA92OHEEa9HXL2W4E7lf9JzCmGVUdgjX3N/iU=
github.com/google/uuid v1.6.0 h1:NIvaJDMOsjHA8n1jAhLSgzrAzy1Hgr+hNrb57e+94F0=
github.com/google/uuid v1.6.0/go.mod h1:TIyPZe4MgqvfeYDBFedMoGGpEw/LqOeaOT+nhxU+yHo=
github.com/kisielk/sqlstruct v0.0.0-20201105191214-5f3e10d3ab46/go.mod h1:yyMNCyc/Ib3bDTKd379tNMpB/7/H5TjM2Y9QJ5THLbE=
github.com/klauspost/compress v1.18.0 h1:c/Cqfb0r+Yi+JtIEq73FWXVkRonBlf0CRNYc8Zttxdo=
github.com/klauspost/compress v1.18.0/go.mod h1:2Pp+KzxcywXVXMr50+X0Q/Lsb43OQHYWRCY2AiWywWQ=
github.com/kr/pretty v0.3.1 h1:flRD4NNwYAUpkphVc1HcthR4KEIFJ65n8Mw5qdRn3LE=
github.com/kr/pretty v0.3.1/go.mod h1:hoEshYVHaxMs3cyo3Yncou5ZscifuDolrwPKZanG3xk=
github.com/kr/text v0.2.0 h1:5Nx0Ya0ZqY2ygV366QzturHI13Jq95ApcVaJBhpS+AY=
github.com/kr/text v0.2.0/go.mod h1:eLer722TekiGuMkidMxC/pM04lWEeraHUUmBw8l2grE=
github.com/kylelemons/godebug v1.1.0 h1:RPNrshWIDI6G2gRW9EHilWtl7Z6Sb1BR0xunSBf0SNc=
github.com/kylelemons/godebug v1.1.0/go.mod h1:9/0rRGxNHcop5bhtWyNeEfOS8JIWk580+fNqagV/RAw=
github.com/lib/pq v1.12.3 h1:tTWxr2YLKwIvK90ZXEw8GP7UFHtcbTtty8zsI+YjrfQ=
github.com/lib/pq v1.12.3/go.mod h1:/p+8NSbOcwzAEI7wiMXFlgydTwcgTr3OSKMsD2BitpA=
github.com/munnerz/goautoneg v0.0.0-20191010083416-a7dc8b61c822 h1:C3w9PqII01/Oq1c1nUAm88MOHcQC9l5mIlSMApZMrHA=
github.com/munnerz/goautoneg v0.0.0-20191010083416-a7dc8b61c822/go.mod h1:+n7T8mK8HuQTcFwEeznm/DIxMOiR9yIdICNftLE1DvQ=
github.com/pmezard/go-difflib v1.0.0 h1:4DBwDE0NGyQoBHbLQYPwSUPoCMWR5BEzIk/f1lZbAQM=
github.com/pmezard/go-difflib v1.0.0/go.mod h1:iKH77koFhYxTK1pcRnkKkqfTogsbg7gZNVY4sRDYZ/4=
github.com/prometheus/client_golang v1.23.2 h1:Je96obch5RDVy3FDMndoUsjAhG5Edi49h0RJWRi/o0o=
github.com/prometheus/client_golang v1.23.2/go.mod h1:Tb1a6LWHB3/SPIzCoaDXI4I8UHKeFTEQ1YCr+0Gyqmg=
github.com/prometheus/client_model v0.6.2 h1:oBsgwpGs7iVziMvrGhE53c/GrLUsZdHnqNwqPLxwZyk=
github.com/prometheus/client_model v0.6.2/go.mod h1:y3m2F6Gdpfy6Ut/GBsUqTWZqCUvMVzSfMLjcu6wAwpE=
github.com/prometheus/common v0.67.5 h1:pIgK94WWlQt1WLwAC5j2ynLaBRDiinoAb86HZHTUGI4=
github.com/prometheus/common v0.67.5/go.mod h1:SjE/0MzDEEAyrdr5Gqc6G+sXI67maCxzaT3A2+HqjUw=
github.com/prometheus/procfs v0.20.1 h1:XwbrGOIplXW/AU3YhIhLODXMJYyC1isLFfYCsTEycfc=
github.com/prometheus/procfs v0.20.1/go.mod h1:o9EMBZGRyvDrSPH1RqdxhojkuXstoe4UlK79eF5TGGo=
github.com/rogpeppe/go-internal v1.10.0 h1:TMyTOH3F/DB16zRVcYyreMH6GnZZrwQVAoYjRBZyWFQ=
github.com/rogpeppe/go-internal v1.10.0/go.mod h1:UQnix2H7Ngw/k4C5ijL5+65zddjncjaFoBhdsK/akog=
github.com/stretchr/testify v1.11.1 h1:7s2iGBzp5EwR7/aIZr8ao5+dra3wiQyKjjFuvgVKu7U=
github.com/stretchr/testify v1.11.1/go.mod h1:wZwfW3scLgRK+23gO65QZefKpKQRnfz6sD981Nm4B6U=
go.uber.org/goleak v1.3.0 h1:2K3zAYmnTNqV73imy9J1T3WC+gmCePx2hEGkimedGto=
go.uber.org/goleak v1.3.0/go.mod h1:CoHD4mav9JJNrW/WLlf7HGZPjdw8EucARQHekz1X6bE=
go.yaml.in/yaml/v2 v2.4.4 h1:tuyd0P+2Ont/d6e2rl3be67goVK4R6deVxCUX5vyPaQ=
go.yaml.in/yaml/v2 v2.4.4/go.mod h1:gMZqIpDtDqOfM0uNfy0SkpRhvUryYH0Z6wdMYcacYXQ=
golang.org/x/sys v0.44.0 h1:ildZl3J4uzeKP07r2F++Op7E9B29JRUy+a27EibtBTQ=
golang.org/x/sys v0.44.0/go.mod h1:4GL1E5IUh+htKOUEOaiffhrAeqysfVGipDYzABqnCmw=
google.golang.org/protobuf v1.36.11 h1:fV6ZwhNocDyBLK0dj+fg8ektcVegBBuEolpbTQyBNVE=
google.golang.org/protobuf v1.36.11/go.mod h1:HTf+CrKn2C3g5S8VImy6tdcUvCska2kB7j23XfzDpco=
gopkg.in/check.v1 v0.0.0-20161208181325-20d25e280405/go.mod h1:Co6ibVJAznAaIkqp8huTwlJQCZ016jof/cbN4VW5Yz0=
gopkg.in/check.v1 v1.0.0-20201130134442-10cb98267c6c h1:Hei/4ADfdWqJk1ZMxUNpqntNwaWcugrBjAiHlqqRiVk=
gopkg.in/check.v1 v1.0.0-20201130134442-10cb98267c6c/go.mod h1:JHkPIbrfpd72SG/EVd6muEfDQjcINNoR0C8j2r3qZ4Q=
gopkg.in/yaml.v3 v3.0.1 h1:fxVm/GzAzEWqLHuvctI91KS9hhNmmWOoWu0XTYJS7CA=
gopkg.in/yaml.v3 v3.0.1/go.mod h1:K4uyk7z7BCEPqu6E+C64Yfv1cQ7kz7rIZviUmN+EgEM=
pgregory.net/rapid v1.3.0 h1:vBvO0VSqti75J1jjYqpgPNBLKMd1+gxa9fYo7vk/Exc=
pgregory.net/rapid v1.3.0/go.mod h1:dPlE4OBBxgXPqkP79flB6sJL1dx5azpI7HQ9MY9Z7uk=
