github.com/axonops/audit v0.1.12 h1:7teZMyLTd8bX0y4gvdHQ4BuTUr9lld/9UY5cgVWGBmI=
github.com/axonops/audit v0.1.12/go.mod h1:Y7wAWK/t9eYPRV/6WKSA3OODuzLaa83xrWvzA43h6gM=
github.com/axonops/audit/file v0.1.12 h1:o5NjQ5pab0kKNXmWSk2r4bFB9yW/8DX/rdkE52E9G1s=
github.com/axonops/audit/file v0.1.12/go.mod h1:zRUcCuxRHZ2bdehNctC6p70QyiX0qQPT+X/IpsypHZU=
github.com/axonops/audit/iouring v0.0.0-20260504172742-a7311e23b1c6 h1:hSS66oOtqv3pduzG0rY3gNeAHDngWhVcjvJ3QIMfl+4=
github.com/axonops/audit/iouring v0.0.0-20260504172742-a7311e23b1c6/go.mod h1:uOXtOGLXheRF1e3lQrTiCtTY0SipPH94czfKTv5sZsU=
github.com/axonops/audit/loki v0.1.12 h1:SKtl5+uKZZBHIVpZJUqwtlMxYZzka1cpJiPA9+2RdDM=
github.com/axonops/audit/loki v0.1.12/go.mod h1:Y7XBLgaSw7cnM5CrQJY90nqfLaXhcz3lH6NHLoQnjQw=
github.com/axonops/audit/outputconfig v0.1.12 h1:2jBzUdsCPBfJoZGeqrlgFSKDOqpQ8h0lKVVaYVLKFvA=
github.com/axonops/audit/outputconfig v0.1.12/go.mod h1:lAugwh2/AgpSrNtVi2GcfiASOhedpsySMWX2CPXDlpM=
github.com/axonops/audit/outputs v0.1.12 h1:2wshB6wLhlwJykGcPcEwtes1Xr8LDIAGOg5h/adV+9Y=
github.com/axonops/audit/outputs v0.1.12/go.mod h1:XUvP7xWZEVAn8XTvxnnFBucX2fJoJD/bEU4pCsb2m3A=
github.com/axonops/audit/secrets v0.1.12 h1:kjbR/v7DDqALNjq1pXqYNifpMGmUq/nFxiEyMYcLcKU=
github.com/axonops/audit/secrets v0.1.12/go.mod h1:Z00RXS3xRYpPB+UFfnTJpHHjsfQW5L3PH4x+sxlAL0Q=
github.com/axonops/audit/secrets/openbao v0.1.12 h1:Zbzl4X4CQUuw7CigKr+5AYwKjqKXal4mPiHkqFuUREY=
github.com/axonops/audit/secrets/openbao v0.1.12/go.mod h1:ZaxnwOaMT6mMY0N09frt3VGXgEniYlrKMCF4uCbhYtM=
github.com/axonops/audit/secrets/vault v0.1.12 h1:FbhsXYbtnf/RmnsWikcZ7LQhiejYc3UItdDs6mj5f/Y=
github.com/axonops/audit/secrets/vault v0.1.12/go.mod h1:l4UeelDkPeHv1YuUfsnA8A1hOdyYCKaPE+hKTRrOkOU=
github.com/axonops/audit/syslog v0.1.12 h1:6oAaR4lOx4rZ5wgal5Ob5x29DCJsR+pNRySvRiYxmkE=
github.com/axonops/audit/syslog v0.1.12/go.mod h1:2Ghm7iqYlIWQ1IBrN3oS3J4g2svvskfAiusaX7rRwp0=
github.com/axonops/audit/webhook v0.1.12 h1:8g/LwP75XtNck5AtA5/m97LQ11ymO1UnOHV4626DKxI=
github.com/axonops/audit/webhook v0.1.12/go.mod h1:0mdvzD/DPDPLbJKoWHTqDsIAevxkwf6a0w4g7LgKR4s=
github.com/axonops/srslog v1.0.1 h1:TucvspQNxwL18w3xo9r3p+ulxJ5ltR8S9DalDTYDfA4=
github.com/axonops/srslog v1.0.1/go.mod h1:KmR9aaV5bdRj/WE95Nzfwwed8MKdDpjFCcFO5syaJWg=
github.com/davecgh/go-spew v1.1.1 h1:vj9j/u1bqnvCEfJOwUhtlOARqs3+rkHYY13jYWTU97c=
github.com/davecgh/go-spew v1.1.1/go.mod h1:J7Y8YcW2NihsgmVo/mv3lAwl/skON4iLHjSsI+c5H38=
github.com/goccy/go-yaml v1.19.2 h1:PmFC1S6h8ljIz6gMRBopkjP1TVT7xuwrButHID66PoM=
github.com/goccy/go-yaml v1.19.2/go.mod h1:XBurs7gK8ATbW4ZPGKgcbrY1Br56PdM69F7LkFRi1kA=
github.com/pmezard/go-difflib v1.0.0 h1:4DBwDE0NGyQoBHbLQYPwSUPoCMWR5BEzIk/f1lZbAQM=
github.com/pmezard/go-difflib v1.0.0/go.mod h1:iKH77koFhYxTK1pcRnkKkqfTogsbg7gZNVY4sRDYZ/4=
github.com/stretchr/testify v1.11.1 h1:7s2iGBzp5EwR7/aIZr8ao5+dra3wiQyKjjFuvgVKu7U=
github.com/stretchr/testify v1.11.1/go.mod h1:wZwfW3scLgRK+23gO65QZefKpKQRnfz6sD981Nm4B6U=
go.uber.org/goleak v1.3.0 h1:2K3zAYmnTNqV73imy9J1T3WC+gmCePx2hEGkimedGto=
go.uber.org/goleak v1.3.0/go.mod h1:CoHD4mav9JJNrW/WLlf7HGZPjdw8EucARQHekz1X6bE=
gopkg.in/check.v1 v0.0.0-20161208181325-20d25e280405 h1:yhCVgyC4o1eVCa2tZl7eS0r+SDo693bJlVdllGtEeKM=
gopkg.in/check.v1 v0.0.0-20161208181325-20d25e280405/go.mod h1:Co6ibVJAznAaIkqp8huTwlJQCZ016jof/cbN4VW5Yz0=
gopkg.in/yaml.v3 v3.0.1 h1:fxVm/GzAzEWqLHuvctI91KS9hhNmmWOoWu0XTYJS7CA=
gopkg.in/yaml.v3 v3.0.1/go.mod h1:K4uyk7z7BCEPqu6E+C64Yfv1cQ7kz7rIZviUmN+EgEM=
pgregory.net/rapid v1.3.0 h1:vBvO0VSqti75J1jjYqpgPNBLKMd1+gxa9fYo7vk/Exc=
pgregory.net/rapid v1.3.0/go.mod h1:dPlE4OBBxgXPqkP79flB6sJL1dx5azpI7HQ9MY9Z7uk=
